// !$*UTF8*$!
{
	archiveVersion = 1;
	classes = {
	};
	objectVersion = 48;
	objects = {

/* Begin PBXBuildFile section */
		F0F6757120274E180094ED74 /* AppDelegate.swift in Sources */ = {isa = PBXBuildFile; fileRef = F0F6757020274E180094ED74 /* AppDelegate.swift */; };
		F0F6757320274E180094ED74 /* ViewController.swift in Sources */ = {isa = PBXBuildFile; fileRef = F0F6757220274E180094ED74 /* ViewController.swift */; };
		F0F6757620274E180094ED74 /* Main.storyboard in Resources */ = {isa = PBXBuildFile; fileRef = F0F6757420274E180094ED74 /* Main.storyboard */; };
		F0F6757820274E180094ED74 /* Assets.xcassets in Resources */ = {isa = PBXBuildFile; fileRef = F0F6757720274E180094ED74 /* Assets.xcassets */; };
		F0F6757B20274E180094ED74 /* LaunchScreen.storyboard in Resources */ = {isa = PBXBuildFile; fileRef = F0F6757920274E180094ED74 /* LaunchScreen.storyboard */; };
		F0F6758620274E180094ED74 /* BlurryAppTests.swift in Sources */ = {isa = PBXBuildFile; fileRef = F0F6758520274E180094ED74 /* BlurryAppTests.swift */; };
		F0F6759120274E180094ED74 /* BlurryAppUITests.swift in Sources */ = {isa = PBXBuildFile; fileRef = F0F6759020274E180094ED74 /* BlurryAppUITests.swift */; };
		F0F6759F202750010094ED74 /* bk.jpg in Resources */ = {isa = PBXBuildFile; fileRef = F0F6759E202750010094ED74 /* bk.jpg */; };
/* End PBXBuildFile section */

/* Begin PBXContainerItemProxy section */
		F0F6758220274E180094ED74 /* PBXContainerItemProxy */ = {
			isa = PBXContainerItemProxy;
			containerPortal = F0F6756520274E180094ED74 /* Project object */;
			proxyType = 1;
			remoteGlobalIDString = F0F6756C20274E180094ED74;
			remoteInfo = BlurryApp;
		};
		F0F6758D20274E180094ED74 /* PBXContainerItemProxy */ = {
			isa = PBXContainerItemProxy;
			containerPortal = F0F6756520274E180094ED74 /* Project object */;
			proxyType = 1;
			remoteGlobalIDString = F0F6756C20274E180094ED74;
			remoteInfo = BlurryApp;
		};
/* End PBXContainerItemProxy section */

/* Begin PBXFileReference section */
		F0F6756D20274E180094ED74 /* BlurryApp.app */ = {isa = PBXFileReference; explicitFileType = wrapper.application; includeInIndex = 0; path = BlurryApp.app; sourceTree = BUILT_PRODUCTS_DIR; };
		F0F6757020274E180094ED74 /* AppDelegate.swift */ = {isa = PBXFileReference; lastKnownFileType = sourcecode.swift; path = AppDelegate.swift; sourceTree = "<group>"; };
		F0F6757220274E180094ED74 /* ViewController.swift */ = {isa = PBXFileReference; lastKnownFileType = sourcecode.swift; path = ViewController.swift; sourceTree = "<group>"; };
		F0F6757520274E180094ED74 /* Base */ = {isa = PBXFileReference; lastKnownFileType = file.storyboard; name = Base; path = Base.lproj/Main.storyboard; sourceTree = "<group>"; };
		F0F6757720274E180094ED74 /* Assets.xcassets */ = {isa = PBXFileReference; lastKnownFileType = folder.assetcatalog; path = Assets.xcassets; sourceTree = "<group>"; };
		F0F6757A20274E180094ED74 /* Base */ = {isa = PBXFileReference; lastKnownFileType = file.storyboard; name = Base; path = Base.lproj/LaunchScreen.storyboard; sourceTree = "<group>"; };
		F0F6757C20274E180094ED74 /* Info.plist */ = {isa = PBXFileReference; lastKnownFileType = text.plist.xml; path = Info.plist; sourceTree = "<group>"; };
		F0F6758120274E180094ED74 /* BlurryAppTests.xctest */ = {isa = PBXFileReference; explicitFileType = wrapper.cfbundle; includeInIndex = 0; path = BlurryAppTests.xctest; sourceTree = BUILT_PRODUCTS_DIR; };
		F0F6758520274E180094ED74 /* BlurryAppTests.swift */ = {isa = PBXFileReference; lastKnownFileType = sourcecode.swift; path = BlurryAppTests.swift; sourceTree = "<group>"; };
		F0F6758720274E180094ED74 /* Info.plist */ = {isa = PBXFileReference; lastKnownFileType = text.plist.xml; path = Info.plist; sourceTree = "<group>"; };
		F0F6758C20274E180094ED74 /* BlurryAppUITests.xctest */ = {isa = PBXFileReference; explicitFileType = wrapper.cfbundle; includeInIndex = 0; path = BlurryAppUITests.xctest; sourceTree = BUILT_PRODUCTS_DIR; };
		F0F6759020274E180094ED74 /* BlurryAppUITests.swift */ = {isa = PBXFileReference; lastKnownFileType = sourcecode.swift; path = BlurryAppUITests.swift; sourceTree = "<group>"; };
		F0F6759220274E180094ED74 /* Info.plist */ = {isa = PBXFileReference; lastKnownFileType = text.plist.xml; path = Info.plist; sourceTree = "<group>"; };
		F0F6759E202750010094ED74 /* bk.jpg */ = {isa = PBXFileReference; lastKnownFileType = image.jpeg; path = bk.jpg; sourceTree = "<group>"; };
/* End PBXFileReference section */

/* Begin PBXFrameworksBuildPhase section */
		F0F6756A20274E180094ED74 /* Frameworks */ = {
			isa = PBXFrameworksBuildPhase;
			buildActionMask = 2147483647;
			files = (
			);
			runOnlyForDeploymentPostprocessing = 0;
		};
		F0F6757E20274E180094ED74 /* Frameworks */ = {
			isa = PBXFrameworksBuildPhase;
			buildActionMask = 2147483647;
			files = (
			);
			runOnlyForDeploymentPostprocessing = 0;
		};
		F0F6758920274E180094ED74 /* Frameworks */ = {
			isa = PBXFrameworksBuildPhase;
			buildActionMask = 2147483647;
			files = (
			);
			runOnlyForDeploymentPostprocessing = 0;
		};
/* End PBXFrameworksBuildPhase section */

/* Begin PBXGroup section */
		F0F6756420274E180094ED74 = {
			isa = PBXGroup;
			children = (
				F0F6756F20274E180094ED74 /* BlurryApp */,
				F0F6758420274E180094ED74 /* BlurryAppTests */,
				F0F6758F20274E180094ED74 /* BlurryAppUITests */,
				F0F6756E20274E180094ED74 /* Products */,
			);
			sourceTree = "<group>";
		};
		F0F6756E20274E180094ED74 /* Products */ = {
			isa = PBXGroup;
			children = (
				F0F6756D20274E180094ED74 /* BlurryApp.app */,
				F0F6758120274E180094ED74 /* BlurryAppTests.xctest */,
				F0F6758C20274E180094ED74 /* BlurryAppUITests.xctest */,
			);
			name = Products;
			sourceTree = "<group>";
		};
		F0F6756F20274E180094ED74 /* BlurryApp */ = {
			isa = PBXGroup;
			children = (
				F0F6757020274E180094ED74 /* AppDelegate.swift */,
				F0F6757220274E180094ED74 /* ViewController.swift */,
				F0F6757420274E180094ED74 /* Main.storyboard */,
				F0F6759E202750010094ED74 /* bk.jpg */,
				F0F6757720274E180094ED74 /* Assets.xcassets */,
				F0F6757920274E180094ED74 /* LaunchScreen.storyboard */,
				F0F6757C20274E180094ED74 /* Info.plist */,
			);
			path = BlurryApp;
			sourceTree = "<group>";
		};
		F0F6758420274E180094ED74 /* BlurryAppTests */ = {
			isa = PBXGroup;
			children = (
				F0F6758520274E180094ED74 /* BlurryAppTests.swift */,
				F0F6758720274E180094ED74 /* Info.plist */,
			);
			path = BlurryAppTests;
			sourceTree = "<group>";
		};
		F0F6758F20274E180094ED74 /* BlurryAppUITests */ = {
			isa = PBXGroup;
			children = (
				F0F6759020274E180094ED74 /* BlurryAppUITests.swift */,
				F0F6759220274E180094ED74 /* Info.plist */,
			);
			path = BlurryAppUITests;
			sourceTree = "<group>";
		};
/* End PBXGroup section */

/* Begin PBXNativeTarget section */
		F0F6756C20274E180094ED74 /* BlurryApp */ = {
			isa = PBXNativeTarget;
			buildConfigurationList = F0F6759520274E180094ED74 /* Build configuration list for PBXNativeTarget "BlurryApp" */;
			buildPhases = (
				F0F6756920274E180094ED74 /* Sources */,
				F0F6756A20274E180094ED74 /* Frameworks */,
				F0F6756B20274E180094ED74 /* Resources */,
			);
			buildRules = (
			);
			dependencies = (
			);
			name = BlurryApp;
			productName = BlurryApp;
			productReference = F0F6756D20274E180094ED74 /* BlurryApp.app */;
			productType = "com.apple.product-type.application";
		};
		F0F6758020274E180094ED74 /* BlurryAppTests */ = {
			isa = PBXNativeTarget;
			buildConfigurationList = F0F6759820274E180094ED74 /* Build configuration list for PBXNativeTarget "BlurryAppTests" */;
			buildPhases = (
				F0F6757D20274E180094ED74 /* Sources */,
				F0F6757E20274E180094ED74 /* Frameworks */,
				F0F6757F20274E180094ED74 /* Resources */,
			);
			buildRules = (
			);
			dependencies = (
				F0F6758320274E180094ED74 /* PBXTargetDependency */,
			);
			name = BlurryAppTests;
			productName = BlurryAppTests;
			productReference = F0F6758120274E180094ED74 /* BlurryAppTests.xctest */;
			productType = "com.apple.product-type.bundle.unit-test";
		};
		F0F6758B20274E180094ED74 /* BlurryAppUITests */ = {
			isa = PBXNativeTarget;
			buildConfigurationList = F0F6759B20274E180094ED74 /* Build configuration list for PBXNativeTarget "BlurryAppUITests" */;
			buildPhases = (
				F0F6758820274E180094ED74 /* Sources */,
				F0F6758920274E180094ED74 /* Frameworks */,
				F0F6758A20274E180094ED74 /* Resources */,
			);
			buildRules = (
			);
			dependencies = (
				F0F6758E20274E180094ED74 /* PBXTargetDependency */,
			);
			name = BlurryAppUITests;
			productName = BlurryAppUITests;
			productReference = F0F6758C20274E180094ED74 /* BlurryAppUITests.xctest */;
			productType = "com.apple.product-type.bundle.ui-testing";
		};
/* End PBXNativeTarget section */

/* Begin PBXProject section */
		F0F6756520274E180094ED74 /* Project object */ = {
			isa = PBXProject;
			attributes = {
				LastSwiftUpdateCheck = 0920;
				LastUpgradeCheck = 0920;
				ORGANIZATIONNAME = "Guillaume Vialle";
				TargetAttributes = {
					F0F6756C20274E180094ED74 = {
						CreatedOnToolsVersion = 9.2;
						ProvisioningStyle = Automatic;
					};
					F0F6758020274E180094ED74 = {
						CreatedOnToolsVersion = 9.2;
						ProvisioningStyle = Automatic;
						TestTargetID = F0F6756C20274E180094ED74;
					};
					F0F6758B20274E180094ED74 = {
						CreatedOnToolsVersion = 9.2;
						ProvisioningStyle = Automatic;
						TestTargetID = F0F6756C20274E180094ED74;
					};
				};
			};
			buildConfigurationList = F0F6756820274E180094ED74 /* Build configuration list for PBXProject "BlurryApp" */;
			compatibilityVersion = "Xcode 8.0";
			developmentRegion = en;
			hasScannedForEncodings = 0;
			knownRegions = (
				en,
				Base,
			);
			mainGroup = F0F6756420274E180094ED74;
			productRefGroup = F0F6756E20274E180094ED74 /* Products */;
			projectDirPath = "";
			projectRoot = "";
			targets = (
				F0F6756C20274E180094ED74 /* BlurryApp */,
				F0F6758020274E180094ED74 /* BlurryAppTests */,
				F0F6758B20274E180094ED74 /* BlurryAppUITests */,
			);
		};
/* End PBXProject section */

/* Begin PBXResourcesBuildPhase section */
		F0F6756B20274E180094ED74 /* Resources */ = {
			isa = PBXResourcesBuildPhase;
			buildActionMask = 2147483647;
			files = (
				F0F6757B20274E180094ED74 /* LaunchScreen.storyboard in Resources */,
				F0F6757820274E180094ED74 /* Assets.xcassets in Resources */,
				F0F6759F202750010094ED74 /* bk.jpg in Resources */,
				F0F6757620274E180094ED74 /* Main.storyboard in Resources */,
			);
			runOnlyForDeploymentPostprocessing = 0;
		};
		F0F6757F20274E180094ED74 /* Resources */ = {
			isa = PBXResourcesBuildPhase;
			buildActionMask = 2147483647;
			files = (
			);
			runOnlyForDeploymentPostprocessing = 0;
		};
		F0F6758A20274E180094ED74 /* Resources */ = {
			isa = PBXResourcesBuildPhase;
			buildActionMask = 2147483647;
			files = (
			);
			runOnlyForDeploymentPostprocessing = 0;
		};
/* End PBXResourcesBuildPhase section */

/* Begin PBXSourcesBuildPhase section */
		F0F6756920274E180094ED74 /* Sources */ = {
			isa = PBXSourcesBuildPhase;
			buildActionMask = 2147483647;
			files = (
				F0F6757320274E180094ED74 /* ViewController.swift in Sources */,
				F0F6757120274E180094ED74 /* AppDelegate.swift in Sources */,
			);
			runOnlyForDeploymentPostprocessing = 0;
		};
		F0F6757D20274E180094ED74 /* Sources */ = {
			isa = PBXSourcesBuildPhase;
			buildActionMask = 2147483647;
			files = (
				F0F6758620274E180094ED74 /* BlurryAppTests.swift in Sources */,
			);
			runOnlyForDeploymentPostprocessing = 0;
		};
		F0F6758820274E180094ED74 /* Sources */ = {
			isa = PBXSourcesBuildPhase;
			buildActionMask = 2147483647;
			files = (
				F0F6759120274E180094ED74 /* BlurryAppUITests.swift in Sources */,
			);
			runOnlyForDeploymentPostprocessing = 0;
		};
/* End PBXSourcesBuildPhase section */

/* Begin PBXTargetDependency section */
		F0F6758320274E180094ED74 /* PBXTargetDependency */ = {
			isa = PBXTargetDependency;
			target = F0F6756C20274E180094ED74 /* BlurryApp */;
			targetProxy = F0F6758220274E180094ED74 /* PBXContainerItemProxy */;
		};
		F0F6758E20274E180094ED74 /* PBXTargetDependency */ = {
			isa = PBXTargetDependency;
			target = F0F6756C20274E180094ED74 /* BlurryApp */;
			targetProxy = F0F6758D20274E180094ED74 /* PBXContainerItemProxy */;
		};
/* End PBXTargetDependency section */

/* Begin PBXVariantGroup section */
		F0F6757420274E180094ED74 /* Main.storyboard */ = {
			isa = PBXVariantGroup;
			children = (
				F0F6757520274E180094ED74 /* Base */,
			);
			name = Main.storyboard;
			sourceTree = "<group>";
		};
		F0F6757920274E180094ED74 /* LaunchScreen.storyboard */ = {
			isa = PBXVariantGroup;
			children = (
				F0F6757A20274E180094ED74 /* Base */,
			);
			name = LaunchScreen.storyboard;
			sourceTree = "<group>";
		};
/* End PBXVariantGroup section */

/* Begin XCBuildConfiguration section */
		F0F6759320274E180094ED74 /* Debug */ = {
			isa = XCBuildConfiguration;
			buildSettings = {
				ALWAYS_SEARCH_USER_PATHS = NO;
				CLANG_ANALYZER_NONNULL = YES;
				CLANG_ANALYZER_NUMBER_OBJECT_CONVERSION = YES_AGGRESSIVE;
				CLANG_CXX_LANGUAGE_STANDARD = "gnu++14";
				CLANG_CXX_LIBRARY = "libc++";
				CLANG_ENABLE_MODULES = YES;
				CLANG_ENABLE_OBJC_ARC = YES;
				CLANG_WARN_BLOCK_CAPTURE_AUTORELEASING = YES;
				CLANG_WARN_BOOL_CONVERSION = YES;
				CLANG_WARN_COMMA = YES;
				CLANG_WARN_CONSTANT_CONVERSION = YES;
				CLANG_WARN_DIRECT_OBJC_ISA_USAGE = YES_ERROR;
				CLANG_WARN_DOCUMENTATION_COMMENTS = YES;
				CLANG_WARN_EMPTY_BODY = YES;
				CLANG_WARN_ENUM_CONVERSION = YES;
				CLANG_WARN_INFINITE_RECURSION = YES;
				CLANG_WARN_INT_CONVERSION = YES;
				CLANG_WARN_NON_LITERAL_NULL_CONVERSION = YES;
				CLANG_WARN_OBJC_LITERAL_CONVERSION = YES;
				CLANG_WARN_OBJC_ROOT_CLASS = YES_ERROR;
				CLANG_WARN_RANGE_LOOP_ANALYSIS = YES;
				CLANG_WARN_STRICT_PROTOTYPES = YES;
				CLANG_WARN_SUSPICIOUS_MOVE = YES;
				CLANG_WARN_UNGUARDED_AVAILABILITY = YES_AGGRESSIVE;
				CLANG_WARN_UNREACHABLE_CODE = YES;
				CLANG_WARN__DUPLICATE_METHOD_MATCH = YES;
				CODE_SIGN_IDENTITY = "iPhone Developer";
				COPY_PHASE_STRIP = NO;
				DEBUG_INFORMATION_FORMAT = dwarf;
				ENABLE_STRICT_OBJC_MSGSEND = YES;
				ENABLE_TESTABILITY = YES;
				GCC_C_LANGUAGE_STANDARD = gnu11;
				GCC_DYNAMIC_NO_PIC = NO;
				GCC_NO_COMMON_BLOCKS = YES;
				GCC_OPTIMIZATION_LEVEL = 0;
				GCC_PREPROCESSOR_DEFINITIONS = (
					"DEBUG=1",
					"$(inherited)",
				);
				GCC_WARN_64_TO_32_BIT_CONVERSION = YES;
				GCC_WARN_ABOUT_RETURN_TYPE = YES_ERROR;
				GCC_WARN_UNDECLARED_SELECTOR = YES;
				GCC_WARN_UNINITIALIZED_AUTOS = YES_AGGRESSIVE;
				GCC_WARN_UNUSED_FUNCTION = YES;
				GCC_WARN_UNUSED_VARIABLE = YES;
				IPHONEOS_DEPLOYMENT_TARGET = 11.2;
				MTL_ENABLE_DEBUG_INFO = YES;
				ONLY_ACTIVE_ARCH = YES;
				SDKROOT = iphoneos;
				SWIFT_ACTIVE_COMPILATION_CONDITIONS = DEBUG;
				SWIFT_OPTIMIZATION_LEVEL = "-Onone";
			};
			name = Debug;
		};
		F0F6759420274E180094ED74 /* Release */ = {
			isa = XCBuildConfiguration;
			buildSettings = {
				ALWAYS_SEARCH_USER_PATHS = NO;
				CLANG_ANALYZER_NONNULL = YES;
				CLANG_ANALYZER_NUMBER_OBJECT_CONVERSION = YES_AGGRESSIVE;
				CLANG_CXX_LANGUAGE_STANDARD = "gnu++14";
				CLANG_CXX_LIBRARY = "libc++";
				CLANG_ENABLE_MODULES = YES;
				CLANG_ENABLE_OBJC_ARC = YES;
				CLANG_WARN_BLOCK_CAPTURE_AUTORELEASING = YES;
				CLANG_WARN_BOOL_CONVERSION = YES;
				CLANG_WARN_COMMA = YES;
				CLANG_WARN_CONSTANT_CONVERSION = YES;
				CLANG_WARN_DIRECT_OBJC_ISA_USAGE = YES_ERROR;
				CLANG_WARN_DOCUMENTATION_COMMENTS = YES;
				CLANG_WARN_EMPTY_BODY = YES;
				CLANG_WARN_ENUM_CONVERSION = YES;
				CLANG_WARN_INFINITE_RECURSION = YES;
				CLANG_WARN_INT_CONVERSION = YES;
				CLANG_WARN_NON_LITERAL_NULL_CONVERSION = YES;
				CLANG_WARN_OBJC_LITERAL_CONVERSION = YES;
				CLANG_WARN_OBJC_ROOT_CLASS = YES_ERROR;
				CLANG_WARN_RANGE_LOOP_ANALYSIS = YES;
				CLANG_WARN_STRICT_PROTOTYPES = YES;
				CLANG_WARN_SUSPICIOUS_MOVE = YES;
				CLANG_WARN_UNGUARDED_AVAILABILITY = YES_AGGRESSIVE;
				CLANG_WARN_UNREACHABLE_CODE = YES;
				CLANG_WARN__DUPLICATE_METHOD_MATCH = YES;
				CODE_SIGN_IDENTITY = "iPhone Developer";
				COPY_PHASE_STRIP = NO;
				DEBUG_INFORMATION_FORMAT = "dwarf-with-dsym";
				ENABLE_NS_ASSERTIONS = NO;
				ENABLE_STRICT_OBJC_MSGSEND = YES;
				GCC_C_LANGUAGE_STANDARD = gnu11;
				GCC_NO_COMMON_BLOCKS = YES;
				GCC_WARN_64_TO_32_BIT_CONVERSION = YES;
				GCC_WARN_ABOUT_RETURN_TYPE = YES_ERROR;
				GCC_WARN_UNDECLARED_SELECTOR = YES;
				GCC_WARN_UNINITIALIZED_AUTOS = YES_AGGRESSIVE;
				GCC_WARN_UNUSED_FUNCTION = YES;
				GCC_WARN_UNUSED_VARIABLE = YES;
				IPHONEOS_DEPLOYMENT_TARGET = 11.2;
				MTL_ENABLE_DEBUG_INFO = NO;
				SDKROOT = iphoneos;
				SWIFT_OPTIMIZATION_LEVEL = "-Owholemodule";
				VALIDATE_PRODUCT = YES;
			};
			name = Release;
		};
		F0F6759620274E180094ED74 /* Debug */ = {
			isa = XCBuildConfiguration;
			buildSettings = {
				ASSETCATALOG_COMPILER_APPICON_NAME = AppIcon;
				CODE_SIGN_STYLE = Automatic;
				DEVELOPMENT_TEAM = S5623V7XBF;
				INFOPLIST_FILE = BlurryApp/Info.plist;
				LD_RUNPATH_SEARCH_PATHS = "$(inherited) @executable_path/Frameworks";
				PRODUCT_BUNDLE_IDENTIFIER = try.BlurryApp;
				PRODUCT_NAME = "$(TARGET_NAME)";
				SWIFT_VERSION = 4.0;
				TARGETED_DEVICE_FAMILY = "1,2";
			};
			name = Debug;
		};
		F0F6759720274E180094ED74 /* Release */ = {
			isa = XCBuildConfiguration;
			buildSettings = {
				ASSETCATALOG_COMPILER_APPICON_NAME = AppIcon;
				CODE_SIGN_STYLE = Automatic;
				DEVELOPMENT_TEAM = S5623V7XBF;
				INFOPLIST_FILE = BlurryApp/Info.plist;
				LD_RUNPATH_SEARCH_PATHS = "$(inherited) @executable_path/Frameworks";
				PRODUCT_BUNDLE_IDENTIFIER = try.BlurryApp;
				PRODUCT_NAME = "$(TARGET_NAME)";
				SWIFT_VERSION = 4.0;
				TARGETED_DEVICE_FAMILY = "1,2";
			};
			name = Release;
		};
		F0F6759920274E180094ED74 /* Debug */ = {
			isa = XCBuildConfiguration;
			buildSettings = {
				ALWAYS_EMBED_SWIFT_STANDARD_LIBRARIES = YES;
				BUNDLE_LOADER = "$(TEST_HOST)";
				CODE_SIGN_STYLE = Automatic;
				DEVELOPMENT_TEAM = S5623V7XBF;
				INFOPLIST_FILE = BlurryAppTests/Info.plist;
				LD_RUNPATH_SEARCH_PATHS = "$(inherited) @executable_path/Frameworks @loader_path/Frameworks";
				PRODUCT_BUNDLE_IDENTIFIER = try.BlurryAppTests;
				PRODUCT_NAME = "$(TARGET_NAME)";
				SWIFT_VERSION = 4.0;
				TARGETED_DEVICE_FAMILY = "1,2";
				TEST_HOST = "$(BUILT_PRODUCTS_DIR)/BlurryApp.app/BlurryApp";
			};
			name = Debug;
		};
		F0F6759A20274E180094ED74 /* Release */ = {
			isa = XCBuildConfiguration;
			buildSettings = {
				ALWAYS_EMBED_SWIFT_STANDARD_LIBRARIES = YES;
				BUNDLE_LOADER = "$(TEST_HOST)";
				CODE_SIGN_STYLE = Automatic;
				DEVELOPMENT_TEAM = S5623V7XBF;
				INFOPLIST_FILE = BlurryAppTests/Info.plist;
				LD_RUNPATH_SEARCH_PATHS = "$(inherited) @executable_path/Frameworks @loader_path/Frameworks";
				PRODUCT_BUNDLE_IDENTIFIER = try.BlurryAppTests;
				PRODUCT_NAME = "$(TARGET_NAME)";
				SWIFT_VERSION = 4.0;
				TARGETED_DEVICE_FAMILY = "1,2";
				TEST_HOST = "$(BUILT_PRODUCTS_DIR)/BlurryApp.app/BlurryApp";
			};
			name = Release;
		};
		F0F6759C20274E180094ED74 /* Debug */ = {
			isa = XCBuildConfiguration;
			buildSettings = {
				ALWAYS_EMBED_SWIFT_STANDARD_LIBRARIES = YES;
				CODE_SIGN_STYLE = Automatic;
				DEVELOPMENT_TEAM = S5623V7XBF;
				INFOPLIST_FILE = BlurryAppUITests/Info.plist;
				LD_RUNPATH_SEARCH_PATHS = "$(inherited) @executable_path/Frameworks @loader_path/Frameworks";
				PRODUCT_BUNDLE_IDENTIFIER = try.BlurryAppUITests;
				PRODUCT_NAME = "$(TARGET_NAME)";
				SWIFT_VERSION = 4.0;
				TARGETED_DEVICE_FAMILY = "1,2";
				TEST_TARGET_NAME = BlurryApp;
			};
			name = Debug;
		};
		F0F6759D20274E180094ED74 /* Release */ = {
			isa = XCBuildConfiguration;
			buildSettings = {
				ALWAYS_EMBED_SWIFT_STANDARD_LIBRARIES = YES;
				CODE_SIGN_STYLE = Automatic;
				DEVELOPMENT_TEAM = S5623V7XBF;
				INFOPLIST_FILE = BlurryAppUITests/Info.plist;
				LD_RUNPATH_SEARCH_PATHS = "$(inherited) @executable_path/Frameworks @loader_path/Frameworks";
				PRODUCT_BUNDLE_IDENTIFIER = try.BlurryAppUITests;
				PRODUCT_NAME = "$(TARGET_NAME)";
				SWIFT_VERSION = 4.0;
				TARGETED_DEVICE_FAMILY = "1,2";
				TEST_TARGET_NAME = BlurryApp;
			};
			name = Release;
		};
/* End XCBuildConfiguration section */

/* Begin XCConfigurationList section */
		F0F6756820274E180094ED74 /* Build configuration list for PBXProject "BlurryApp" */ = {
			isa = XCConfigurationList;
			buildConfigurations = (
				F0F6759320274E180094ED74 /* Debug */,
				F0F6759420274E180094ED74 /* Release */,
			);
			defaultConfigurationIsVisible = 0;
			defaultConfigurationName = Release;
		};
		F0F6759520274E180094ED74 /* Build configuration list for PBXNativeTarget "BlurryApp" */ = {
			isa = XCConfigurationList;
			buildConfigurations = (
				F0F6759620274E180094ED74 /* Debug */,
				F0F6759720274E180094ED74 /* Release */,
			);
			defaultConfigurationIsVisible = 0;
			defaultConfigurationName = Release;
		};
		F0F6759820274E180094ED74 /* Build configuration list for PBXNativeTarget "BlurryAppTests" */ = {
			isa = XCConfigurationList;
			buildConfigurations = (
				F0F6759920274E180094ED74 /* Debug */,
				F0F6759A20274E180094ED74 /* Release */,
			);
			defaultConfigurationIsVisible = 0;
			defaultConfigurationName = Release;
		};
		F0F6759B20274E180094ED74 /* Build configuration list for PBXNativeTarget "BlurryAppUITests" */ = {
			isa = XCConfigurationList;
			buildConfigurations = (
				F0F6759C20274E180094ED74 /* Debug */,
				F0F6759D20274E180094ED74 /* Release */,
			);
			defaultConfigurationIsVisible = 0;
			defaultConfigurationName = Release;
		};
/* End XCConfigurationList section */
	};
	rootObject = F0F6756520274E180094ED74 /* Project object */;
}
